
Microsoft Visual Studio Solution File, Format Version 12.00
# Visual Studio Version 16
VisualStudioVersion = 16.0.31321.278
MinimumVisualStudioVersion = 10.0.40219.1
Project("{FAE04EC0-301F-11D3-BF4B-00C04F79EFBC}") = "DataType", "DataType\DataType.csproj", "{4B1C1804-A13D-45CE-91D3-B8BF82418424}"
EndProject
Global
	GlobalSection(SolutionConfigurationPlatforms) = preSolution
		Debug|Any CPU = Debug|Any CPU
		Release|Any CPU = Release|Any CPU
	EndGlobalSection
	GlobalSection(ProjectConfigurationPlatforms) = postSolution
		{4B1C1804-A13D-45CE-91D3-B8BF82418424}.Debug|Any CPU.ActiveCfg = Debug|Any CPU
		{4B1C1804-A13D-45CE-91D3-B8BF82418424}.Debug|Any CPU.Build.0 = Debug|Any CPU
		{4B1C1804-A13D-45CE-91D3-B8BF82418424}.Release|Any CPU.ActiveCfg = Release|Any CPU
		{4B1C1804-A13D-45CE-91D3-B8BF82418424}.Release|Any CPU.Build.0 = Release|Any CPU
	EndGlobalSection
	GlobalSection(SolutionProperties) = preSolution
		HideSolutionNode = FALSE
	EndGlobalSection
	GlobalSection(ExtensibilityGlobals) = postSolution
		SolutionGuid = {7D4C7EC2-D61E-4B5D-B4FD-47AABD6AD4EB}
	EndGlobalSection
EndGlobal
