
Microsoft Visual Studio Solution File, Format Version 12.00
# Visual Studio Version 17
VisualStudioVersion = 17.0.31521.260
MinimumVisualStudioVersion = 10.0.40219.1
Project("{9A19103F-16F7-4668-BE54-9A1E7A4F7556}") = "DataType", "DataType\DataType.csproj", "{4B1C1804-A13D-45CE-91D3-B8BF82418424}"
EndProject
Project("{9A19103F-16F7-4668-BE54-9A1E7A4F7556}") = "PrivateAndStaticConstructor", "PrivateAndStaticConstructor\PrivateAndStaticConstructor.csproj", "{8004DF97-595B-4848-928F-83AA419056ED}"
EndProject
Project("{9A19103F-16F7-4668-BE54-9A1E7A4F7556}") = "Inheritance", "Inheritance\Inheritance.csproj", "{ED37C8FD-DBE8-46D8-B467-84EC3E35E26A}"
EndProject
Project("{9A19103F-16F7-4668-BE54-9A1E7A4F7556}") = "Practises", "Practises\Practises.csproj", "{624FC2AD-802F-4F86-A853-9CD6ECA9F894}"
EndProject
Project("{FAE04EC0-301F-11D3-BF4B-00C04F79EFBC}") = "Exersises", "Exersises\Exersises.csproj", "{65D0DD20-3620-458C-B1BE-A725E8FEA85C}"
EndProject
Project("{FAE04EC0-301F-11D3-BF4B-00C04F79EFBC}") = "Encasulation", "Encasulation\Encasulation.csproj", "{4569737C-F784-46E4-829B-CE8B2239D58B}"
EndProject
Project("{FAE04EC0-301F-11D3-BF4B-00C04F79EFBC}") = "Abstraction", "Abstraction\Abstraction.csproj", "{DE56E1C4-C846-4CB4-8928-146C1318B15B}"
EndProject
Project("{FAE04EC0-301F-11D3-BF4B-00C04F79EFBC}") = "Delegates", "Delegates\Delegates.csproj", "{B8DE5E6C-1A33-43F0-8F83-2922142980AB}"
EndProject
Project("{FAE04EC0-301F-11D3-BF4B-00C04F79EFBC}") = "DelegateSample", "DelegateSample\DelegateSample.csproj", "{42FC264D-DAF5-4F8D-98DD-3ACD0F81FDF3}"
EndProject
Project("{FAE04EC0-301F-11D3-BF4B-00C04F79EFBC}") = "Interfaces", "Interfaces\Interfaces.csproj", "{D393CC3D-6066-4876-9C05-CE014AC84C71}"
EndProject
Project("{FAE04EC0-301F-11D3-BF4B-00C04F79EFBC}") = "ExtensionMethods", "ExtensionMethods\ExtensionMethods.csproj", "{784A22C4-F880-4BFC-9DA6-DD0329E23C80}"
EndProject
Project("{FAE04EC0-301F-11D3-BF4B-00C04F79EFBC}") = "AbstractClass", "AbstractClass\AbstractClass.csproj", "{8DC3D367-B5D9-453C-9718-4690E4B4496D}"
EndProject
Project("{FAE04EC0-301F-11D3-BF4B-00C04F79EFBC}") = "MethodOverloading", "MethodOverloading\MethodOverloading.csproj", "{51E00ECA-68CF-49EF-8B5D-DD8A252C1961}"
EndProject
Project("{FAE04EC0-301F-11D3-BF4B-00C04F79EFBC}") = "MethodOverriding", "MethodOverriding\MethodOverriding.csproj", "{202B4502-A4B1-4628-8642-F887D4CB009D}"
EndProject
Project("{FAE04EC0-301F-11D3-BF4B-00C04F79EFBC}") = "PartialClassAndMethod", "PartialClassAndMethod\PartialClassAndMethod.csproj", "{DCF73E64-F0CA-4767-B398-3982B68BFDB5}"
EndProject
Project("{FAE04EC0-301F-11D3-BF4B-00C04F79EFBC}") = "SealedClassDemo", "SealedClassDemo\SealedClassDemo.csproj", "{4610B292-B37D-4A5E-B147-8DE2334FFF77}"
EndProject
Project("{FAE04EC0-301F-11D3-BF4B-00C04F79EFBC}") = "DelegatesDemo", "DelegatesDemo\DelegatesDemo.csproj", "{0C3611E0-560F-47E4-90DB-54DF2E103784}"
EndProject
Project("{9A19103F-16F7-4668-BE54-9A1E7A4F7556}") = "Collections", "Collections\Collections.csproj", "{56200497-B4A1-412D-A6F5-2E4941BC1F18}"
EndProject
Project("{FAE04EC0-301F-11D3-BF4B-00C04F79EFBC}") = "MultiThreading", "MultiThreading\MultiThreading.csproj", "{B8696A9E-B2E5-4B52-941B-0103037684D8}"
EndProject
Global
	GlobalSection(SolutionConfigurationPlatforms) = preSolution
		Debug|Any CPU = Debug|Any CPU
		Release|Any CPU = Release|Any CPU
	EndGlobalSection
	GlobalSection(ProjectConfigurationPlatforms) = postSolution
		{4B1C1804-A13D-45CE-91D3-B8BF82418424}.Debug|Any CPU.ActiveCfg = Debug|Any CPU
		{4B1C1804-A13D-45CE-91D3-B8BF82418424}.Debug|Any CPU.Build.0 = Debug|Any CPU
		{4B1C1804-A13D-45CE-91D3-B8BF82418424}.Release|Any CPU.ActiveCfg = Release|Any CPU
		{4B1C1804-A13D-45CE-91D3-B8BF82418424}.Release|Any CPU.Build.0 = Release|Any CPU
		{8004DF97-595B-4848-928F-83AA419056ED}.Debug|Any CPU.ActiveCfg = Debug|Any CPU
		{8004DF97-595B-4848-928F-83AA419056ED}.Debug|Any CPU.Build.0 = Debug|Any CPU
		{8004DF97-595B-4848-928F-83AA419056ED}.Release|Any CPU.ActiveCfg = Release|Any CPU
		{8004DF97-595B-4848-928F-83AA419056ED}.Release|Any CPU.Build.0 = Release|Any CPU
		{ED37C8FD-DBE8-46D8-B467-84EC3E35E26A}.Debug|Any CPU.ActiveCfg = Debug|Any CPU
		{ED37C8FD-DBE8-46D8-B467-84EC3E35E26A}.Debug|Any CPU.Build.0 = Debug|Any CPU
		{ED37C8FD-DBE8-46D8-B467-84EC3E35E26A}.Release|Any CPU.ActiveCfg = Release|Any CPU
		{ED37C8FD-DBE8-46D8-B467-84EC3E35E26A}.Release|Any CPU.Build.0 = Release|Any CPU
		{624FC2AD-802F-4F86-A853-9CD6ECA9F894}.Debug|Any CPU.ActiveCfg = Debug|Any CPU
		{624FC2AD-802F-4F86-A853-9CD6ECA9F894}.Debug|Any CPU.Build.0 = Debug|Any CPU
		{624FC2AD-802F-4F86-A853-9CD6ECA9F894}.Release|Any CPU.ActiveCfg = Release|Any CPU
		{624FC2AD-802F-4F86-A853-9CD6ECA9F894}.Release|Any CPU.Build.0 = Release|Any CPU
		{65D0DD20-3620-458C-B1BE-A725E8FEA85C}.Debug|Any CPU.ActiveCfg = Debug|Any CPU
		{65D0DD20-3620-458C-B1BE-A725E8FEA85C}.Debug|Any CPU.Build.0 = Debug|Any CPU
		{65D0DD20-3620-458C-B1BE-A725E8FEA85C}.Release|Any CPU.ActiveCfg = Release|Any CPU
		{65D0DD20-3620-458C-B1BE-A725E8FEA85C}.Release|Any CPU.Build.0 = Release|Any CPU
		{4569737C-F784-46E4-829B-CE8B2239D58B}.Debug|Any CPU.ActiveCfg = Debug|Any CPU
		{4569737C-F784-46E4-829B-CE8B2239D58B}.Debug|Any CPU.Build.0 = Debug|Any CPU
		{4569737C-F784-46E4-829B-CE8B2239D58B}.Release|Any CPU.ActiveCfg = Release|Any CPU
		{4569737C-F784-46E4-829B-CE8B2239D58B}.Release|Any CPU.Build.0 = Release|Any CPU
		{DE56E1C4-C846-4CB4-8928-146C1318B15B}.Debug|Any CPU.ActiveCfg = Debug|Any CPU
		{DE56E1C4-C846-4CB4-8928-146C1318B15B}.Debug|Any CPU.Build.0 = Debug|Any CPU
		{DE56E1C4-C846-4CB4-8928-146C1318B15B}.Release|Any CPU.ActiveCfg = Release|Any CPU
		{DE56E1C4-C846-4CB4-8928-146C1318B15B}.Release|Any CPU.Build.0 = Release|Any CPU
		{B8DE5E6C-1A33-43F0-8F83-2922142980AB}.Debug|Any CPU.ActiveCfg = Debug|Any CPU
		{B8DE5E6C-1A33-43F0-8F83-2922142980AB}.Debug|Any CPU.Build.0 = Debug|Any CPU
		{B8DE5E6C-1A33-43F0-8F83-2922142980AB}.Release|Any CPU.ActiveCfg = Release|Any CPU
		{B8DE5E6C-1A33-43F0-8F83-2922142980AB}.Release|Any CPU.Build.0 = Release|Any CPU
		{42FC264D-DAF5-4F8D-98DD-3ACD0F81FDF3}.Debug|Any CPU.ActiveCfg = Debug|Any CPU
		{42FC264D-DAF5-4F8D-98DD-3ACD0F81FDF3}.Debug|Any CPU.Build.0 = Debug|Any CPU
		{42FC264D-DAF5-4F8D-98DD-3ACD0F81FDF3}.Release|Any CPU.ActiveCfg = Release|Any CPU
		{42FC264D-DAF5-4F8D-98DD-3ACD0F81FDF3}.Release|Any CPU.Build.0 = Release|Any CPU
		{D393CC3D-6066-4876-9C05-CE014AC84C71}.Debug|Any CPU.ActiveCfg = Debug|Any CPU
		{D393CC3D-6066-4876-9C05-CE014AC84C71}.Debug|Any CPU.Build.0 = Debug|Any CPU
		{D393CC3D-6066-4876-9C05-CE014AC84C71}.Release|Any CPU.ActiveCfg = Release|Any CPU
		{D393CC3D-6066-4876-9C05-CE014AC84C71}.Release|Any CPU.Build.0 = Release|Any CPU
		{784A22C4-F880-4BFC-9DA6-DD0329E23C80}.Debug|Any CPU.ActiveCfg = Debug|Any CPU
		{784A22C4-F880-4BFC-9DA6-DD0329E23C80}.Debug|Any CPU.Build.0 = Debug|Any CPU
		{784A22C4-F880-4BFC-9DA6-DD0329E23C80}.Release|Any CPU.ActiveCfg = Release|Any CPU
		{784A22C4-F880-4BFC-9DA6-DD0329E23C80}.Release|Any CPU.Build.0 = Release|Any CPU
		{8DC3D367-B5D9-453C-9718-4690E4B4496D}.Debug|Any CPU.ActiveCfg = Debug|Any CPU
		{8DC3D367-B5D9-453C-9718-4690E4B4496D}.Debug|Any CPU.Build.0 = Debug|Any CPU
		{8DC3D367-B5D9-453C-9718-4690E4B4496D}.Release|Any CPU.ActiveCfg = Release|Any CPU
		{8DC3D367-B5D9-453C-9718-4690E4B4496D}.Release|Any CPU.Build.0 = Release|Any CPU
		{51E00ECA-68CF-49EF-8B5D-DD8A252C1961}.Debug|Any CPU.ActiveCfg = Debug|Any CPU
		{51E00ECA-68CF-49EF-8B5D-DD8A252C1961}.Debug|Any CPU.Build.0 = Debug|Any CPU
		{51E00ECA-68CF-49EF-8B5D-DD8A252C1961}.Release|Any CPU.ActiveCfg = Release|Any CPU
		{51E00ECA-68CF-49EF-8B5D-DD8A252C1961}.Release|Any CPU.Build.0 = Release|Any CPU
		{202B4502-A4B1-4628-8642-F887D4CB009D}.Debug|Any CPU.ActiveCfg = Debug|Any CPU
		{202B4502-A4B1-4628-8642-F887D4CB009D}.Debug|Any CPU.Build.0 = Debug|Any CPU
		{202B4502-A4B1-4628-8642-F887D4CB009D}.Release|Any CPU.ActiveCfg = Release|Any CPU
		{202B4502-A4B1-4628-8642-F887D4CB009D}.Release|Any CPU.Build.0 = Release|Any CPU
		{DCF73E64-F0CA-4767-B398-3982B68BFDB5}.Debug|Any CPU.ActiveCfg = Debug|Any CPU
		{DCF73E64-F0CA-4767-B398-3982B68BFDB5}.Debug|Any CPU.Build.0 = Debug|Any CPU
		{DCF73E64-F0CA-4767-B398-3982B68BFDB5}.Release|Any CPU.ActiveCfg = Release|Any CPU
		{DCF73E64-F0CA-4767-B398-3982B68BFDB5}.Release|Any CPU.Build.0 = Release|Any CPU
		{4610B292-B37D-4A5E-B147-8DE2334FFF77}.Debug|Any CPU.ActiveCfg = Debug|Any CPU
		{4610B292-B37D-4A5E-B147-8DE2334FFF77}.Debug|Any CPU.Build.0 = Debug|Any CPU
		{4610B292-B37D-4A5E-B147-8DE2334FFF77}.Release|Any CPU.ActiveCfg = Release|Any CPU
		{4610B292-B37D-4A5E-B147-8DE2334FFF77}.Release|Any CPU.Build.0 = Release|Any CPU
		{0C3611E0-560F-47E4-90DB-54DF2E103784}.Debug|Any CPU.ActiveCfg = Debug|Any CPU
		{0C3611E0-560F-47E4-90DB-54DF2E103784}.Debug|Any CPU.Build.0 = Debug|Any CPU
		{0C3611E0-560F-47E4-90DB-54DF2E103784}.Release|Any CPU.ActiveCfg = Release|Any CPU
		{0C3611E0-560F-47E4-90DB-54DF2E103784}.Release|Any CPU.Build.0 = Release|Any CPU
		{56200497-B4A1-412D-A6F5-2E4941BC1F18}.Debug|Any CPU.ActiveCfg = Debug|Any CPU
		{56200497-B4A1-412D-A6F5-2E4941BC1F18}.Debug|Any CPU.Build.0 = Debug|Any CPU
		{56200497-B4A1-412D-A6F5-2E4941BC1F18}.Release|Any CPU.ActiveCfg = Release|Any CPU
		{56200497-B4A1-412D-A6F5-2E4941BC1F18}.Release|Any CPU.Build.0 = Release|Any CPU
		{B8696A9E-B2E5-4B52-941B-0103037684D8}.Debug|Any CPU.ActiveCfg = Debug|Any CPU
		{B8696A9E-B2E5-4B52-941B-0103037684D8}.Debug|Any CPU.Build.0 = Debug|Any CPU
		{B8696A9E-B2E5-4B52-941B-0103037684D8}.Release|Any CPU.ActiveCfg = Release|Any CPU
		{B8696A9E-B2E5-4B52-941B-0103037684D8}.Release|Any CPU.Build.0 = Release|Any CPU
	EndGlobalSection
	GlobalSection(SolutionProperties) = preSolution
		HideSolutionNode = FALSE
	EndGlobalSection
	GlobalSection(ExtensibilityGlobals) = postSolution
		SolutionGuid = {7D4C7EC2-D61E-4B5D-B4FD-47AABD6AD4EB}
	EndGlobalSection
EndGlobal
